
Microsoft Visual Studio Solution File, Format Version 12.00
# Visual Studio Version 16
VisualStudioVersion = 16.0.30204.135
MinimumVisualStudioVersion = 10.0.40219.1
Project("{FAE04EC0-301F-11D3-BF4B-00C04F79EFBC}") = "KnivesOnnxAsTarget", "KnivesOnnxAsTarget.csproj", "{71DB6475-EAC2-4830-87D2-93EA2FCA537B}"
EndProject
Global
	GlobalSection(SolutionConfigurationPlatforms) = preSolution
		Debug|Any CPU = Debug|Any CPU
		Release|Any CPU = Release|Any CPU
	EndGlobalSection
	GlobalSection(ProjectConfigurationPlatforms) = postSolution
		{71DB6475-EAC2-4830-87D2-93EA2FCA537B}.Debug|Any CPU.ActiveCfg = Debug|Any CPU
		{71DB6475-EAC2-4830-87D2-93EA2FCA537B}.Debug|Any CPU.Build.0 = Debug|Any CPU
		{71DB6475-EAC2-4830-87D2-93EA2FCA537B}.Release|Any CPU.ActiveCfg = Release|Any CPU
		{71DB6475-EAC2-4830-87D2-93EA2FCA537B}.Release|Any CPU.Build.0 = Release|Any CPU
	EndGlobalSection
	GlobalSection(SolutionProperties) = preSolution
		HideSolutionNode = FALSE
	EndGlobalSection
	GlobalSection(ExtensibilityGlobals) = postSolution
		SolutionGuid = {1CEFFFCE-3B13-4EBA-81C9-B4259E250316}
	EndGlobalSection
EndGlobal
